
Microsoft Visual Studio Solution File, Format Version 12.00
# Visual Studio Version 17
VisualStudioVersion = 17.4.33205.214
MinimumVisualStudioVersion = 10.0.40219.1
Project("{9A19103F-16F7-4668-BE54-9A1E7A4F7556}") = "LBAngularNet", "LBAngularNet\LBAngularNet.csproj", "{BA253A7A-924F-4E12-B7C7-75D72BC2B8F0}"
EndProject
Project("{FAE04EC0-301F-11D3-BF4B-00C04F79EFBC}") = "TestUnit", "TestUnit\TestUnit.csproj", "{77D8E450-CB6D-4448-BF69-5341FDC3000D}"
EndProject
Global
	GlobalSection(SolutionConfigurationPlatforms) = preSolution
		Debug|Any CPU = Debug|Any CPU
		Release|Any CPU = Release|Any CPU
	EndGlobalSection
	GlobalSection(ProjectConfigurationPlatforms) = postSolution
		{BA253A7A-924F-4E12-B7C7-75D72BC2B8F0}.Debug|Any CPU.ActiveCfg = Debug|Any CPU
		{BA253A7A-924F-4E12-B7C7-75D72BC2B8F0}.Debug|Any CPU.Build.0 = Debug|Any CPU
		{BA253A7A-924F-4E12-B7C7-75D72BC2B8F0}.Release|Any CPU.ActiveCfg = Release|Any CPU
		{BA253A7A-924F-4E12-B7C7-75D72BC2B8F0}.Release|Any CPU.Build.0 = Release|Any CPU
		{77D8E450-CB6D-4448-BF69-5341FDC3000D}.Debug|Any CPU.ActiveCfg = Debug|Any CPU
		{77D8E450-CB6D-4448-BF69-5341FDC3000D}.Debug|Any CPU.Build.0 = Debug|Any CPU
		{77D8E450-CB6D-4448-BF69-5341FDC3000D}.Release|Any CPU.ActiveCfg = Release|Any CPU
		{77D8E450-CB6D-4448-BF69-5341FDC3000D}.Release|Any CPU.Build.0 = Release|Any CPU
	EndGlobalSection
	GlobalSection(SolutionProperties) = preSolution
		HideSolutionNode = FALSE
	EndGlobalSection
	GlobalSection(ExtensibilityGlobals) = postSolution
		SolutionGuid = {768377C7-3224-4995-A0E8-F5278319CEC5}
	EndGlobalSection
EndGlobal
